{
    "version": 3,
    "terraform_version": "0.11.13",
    "serial": 6,
    "lineage": "72b77eb2-d91b-e7ea-ab06-c353c3108780",
    "modules": [
        {
            "path": [
                "root"
            ],
            "outputs": {},
            "resources": {
                "aws_alb.alb": {
                    "type": "aws_alb",
                    "depends_on": [
                        "data.aws_security_group.sg"
                    ],
                    "primary": {
                        "id": "arn:aws:elasticloadbalancing:us-west-2:661386011788:loadbalancer/app/LB-Apache/ba21d5741a7df235",
                        "attributes": {
                            "access_logs.#": "1",
                            "access_logs.0.bucket": "",
                            "access_logs.0.enabled": "false",
                            "access_logs.0.prefix": "",
                            "arn": "arn:aws:elasticloadbalancing:us-west-2:661386011788:loadbalancer/app/LB-Apache/ba21d5741a7df235",
                            "arn_suffix": "app/LB-Apache/ba21d5741a7df235",
                            "dns_name": "LB-Apache-347939844.us-west-2.elb.amazonaws.com",
                            "enable_deletion_protection": "false",
                            "enable_http2": "true",
                            "id": "arn:aws:elasticloadbalancing:us-west-2:661386011788:loadbalancer/app/LB-Apache/ba21d5741a7df235",
                            "idle_timeout": "60",
                            "internal": "false",
                            "ip_address_type": "ipv4",
                            "load_balancer_type": "application",
                            "name": "LB-Apache",
                            "security_groups.#": "1",
                            "security_groups.1919077925": "sg-033f164a674f3e528",
                            "subnet_mapping.#": "4",
                            "subnet_mapping.1482126313.allocation_id": "",
                            "subnet_mapping.1482126313.subnet_id": "subnet-c2abd789",
                            "subnet_mapping.3066193818.allocation_id": "",
                            "subnet_mapping.3066193818.subnet_id": "subnet-7501530c",
                            "subnet_mapping.390968163.allocation_id": "",
                            "subnet_mapping.390968163.subnet_id": "subnet-77924c5c",
                            "subnet_mapping.4033662505.allocation_id": "",
                            "subnet_mapping.4033662505.subnet_id": "subnet-e00b26ba",
                            "subnets.#": "4",
                            "subnets.1815551387": "subnet-e00b26ba",
                            "subnets.2871056180": "subnet-7501530c",
                            "subnets.4117188757": "subnet-77924c5c",
                            "subnets.810911798": "subnet-c2abd789",
                            "tags.%": "0",
                            "vpc_id": "vpc-fd18d985",
                            "zone_id": "Z1H1FL5HABSF5"
                        },
                        "meta": {
                            "e2bfb730-ecaa-11e6-8f88-34363bc7c4c0": {
                                "create": 600000000000,
                                "delete": 600000000000,
                                "update": 600000000000
                            }
                        },
                        "tainted": false
                    },
                    "deposed": [],
                    "provider": "provider.aws"
                },
                "aws_alb_listener.alb_listener": {
                    "type": "aws_alb_listener",
                    "depends_on": [
                        "aws_alb.alb",
                        "aws_alb_target_group.alb_targetgroup"
                    ],
                    "primary": {
                        "id": "arn:aws:elasticloadbalancing:us-west-2:661386011788:listener/app/LB-Apache/ba21d5741a7df235/c41ac86acc03da17",
                        "attributes": {
                            "arn": "arn:aws:elasticloadbalancing:us-west-2:661386011788:listener/app/LB-Apache/ba21d5741a7df235/c41ac86acc03da17",
                            "default_action.#": "1",
                            "default_action.0.authenticate_cognito.#": "0",
                            "default_action.0.authenticate_oidc.#": "0",
                            "default_action.0.fixed_response.#": "0",
                            "default_action.0.order": "1",
                            "default_action.0.redirect.#": "0",
                            "default_action.0.target_group_arn": "arn:aws:elasticloadbalancing:us-west-2:661386011788:targetgroup/target-group/7f1487ebe47890bb",
                            "default_action.0.type": "forward",
                            "id": "arn:aws:elasticloadbalancing:us-west-2:661386011788:listener/app/LB-Apache/ba21d5741a7df235/c41ac86acc03da17",
                            "load_balancer_arn": "arn:aws:elasticloadbalancing:us-west-2:661386011788:loadbalancer/app/LB-Apache/ba21d5741a7df235",
                            "port": "80",
                            "protocol": "HTTP",
                            "ssl_policy": ""
                        },
                        "meta": {
                            "e2bfb730-ecaa-11e6-8f88-34363bc7c4c0": {
                                "read": 600000000000
                            }
                        },
                        "tainted": false
                    },
                    "deposed": [],
                    "provider": "provider.aws"
                },
                "aws_alb_target_group.alb_targetgroup": {
                    "type": "aws_alb_target_group",
                    "depends_on": [
                        "data.aws_vpc.vpc_select"
                    ],
                    "primary": {
                        "id": "arn:aws:elasticloadbalancing:us-west-2:661386011788:targetgroup/target-group/7f1487ebe47890bb",
                        "attributes": {
                            "arn": "arn:aws:elasticloadbalancing:us-west-2:661386011788:targetgroup/target-group/7f1487ebe47890bb",
                            "arn_suffix": "targetgroup/target-group/7f1487ebe47890bb",
                            "deregistration_delay": "300",
                            "health_check.#": "1",
                            "health_check.0.enabled": "true",
                            "health_check.0.healthy_threshold": "3",
                            "health_check.0.interval": "300",
                            "health_check.0.matcher": "200",
                            "health_check.0.path": "/index.html",
                            "health_check.0.port": "80",
                            "health_check.0.protocol": "HTTP",
                            "health_check.0.timeout": "40",
                            "health_check.0.unhealthy_threshold": "2",
                            "id": "arn:aws:elasticloadbalancing:us-west-2:661386011788:targetgroup/target-group/7f1487ebe47890bb",
                            "lambda_multi_value_headers_enabled": "false",
                            "name": "target-group",
                            "port": "80",
                            "protocol": "HTTP",
                            "proxy_protocol_v2": "false",
                            "slow_start": "0",
                            "stickiness.#": "1",
                            "stickiness.0.cookie_duration": "86400",
                            "stickiness.0.enabled": "false",
                            "stickiness.0.type": "lb_cookie",
                            "tags.%": "0",
                            "target_type": "instance",
                            "vpc_id": "vpc-fd18d985"
                        },
                        "meta": {},
                        "tainted": false
                    },
                    "deposed": [],
                    "provider": "provider.aws"
                },
                "aws_autoscaling_group.auto-scaling": {
                    "type": "aws_autoscaling_group",
                    "depends_on": [
                        "aws_alb_target_group.alb_targetgroup",
                        "aws_launch_configuration.as_conf"
                    ],
                    "primary": {
                        "id": "tf-asg-20190515105321522400000001",
                        "attributes": {
                            "arn": "arn:aws:autoscaling:us-west-2:661386011788:autoScalingGroup:5c1eeed6-6053-482c-b43d-4e3a1672dd80:autoScalingGroupName/tf-asg-20190515105321522400000001",
                            "availability_zones.#": "4",
                            "availability_zones.2050015877": "us-west-2c",
                            "availability_zones.221770259": "us-west-2b",
                            "availability_zones.2487133097": "us-west-2a",
                            "availability_zones.3830732582": "us-west-2d",
                            "default_cooldown": "300",
                            "desired_capacity": "2",
                            "enabled_metrics.#": "0",
                            "force_delete": "false",
                            "health_check_grace_period": "300",
                            "health_check_type": "EC2",
                            "id": "tf-asg-20190515105321522400000001",
                            "launch_configuration": "apache2-lc",
                            "launch_template.#": "0",
                            "load_balancers.#": "0",
                            "max_size": "3",
                            "metrics_granularity": "1Minute",
                            "min_size": "1",
                            "mixed_instances_policy.#": "0",
                            "name": "tf-asg-20190515105321522400000001",
                            "placement_group": "",
                            "protect_from_scale_in": "false",
                            "service_linked_role_arn": "arn:aws:iam::661386011788:role/aws-service-role/autoscaling.amazonaws.com/AWSServiceRoleForAutoScaling",
                            "suspended_processes.#": "0",
                            "tag.#": "0",
                            "target_group_arns.#": "1",
                            "target_group_arns.500417": "arn:aws:elasticloadbalancing:us-west-2:661386011788:targetgroup/target-group/7f1487ebe47890bb",
                            "termination_policies.#": "0",
                            "vpc_zone_identifier.#": "4",
                            "vpc_zone_identifier.1815551387": "subnet-e00b26ba",
                            "vpc_zone_identifier.2871056180": "subnet-7501530c",
                            "vpc_zone_identifier.4117188757": "subnet-77924c5c",
                            "vpc_zone_identifier.810911798": "subnet-c2abd789",
                            "wait_for_capacity_timeout": "10m"
                        },
                        "meta": {
                            "e2bfb730-ecaa-11e6-8f88-34363bc7c4c0": {
                                "delete": 600000000000
                            }
                        },
                        "tainted": false
                    },
                    "deposed": [],
                    "provider": "provider.aws"
                },
                "aws_launch_configuration.as_conf": {
                    "type": "aws_launch_configuration",
                    "depends_on": [
                        "data.aws_ami.amicall",
                        "data.aws_security_group.sg"
                    ],
                    "primary": {
                        "id": "apache2-lc",
                        "attributes": {
                            "associate_public_ip_address": "true",
                            "ebs_block_device.#": "0",
                            "ebs_optimized": "false",
                            "enable_monitoring": "true",
                            "ephemeral_block_device.#": "0",
                            "iam_instance_profile": "",
                            "id": "apache2-lc",
                            "image_id": "ami-065122e20466deffe",
                            "instance_type": "t2.micro",
                            "key_name": "pakcerpractice",
                            "name": "apache2-lc",
                            "root_block_device.#": "0",
                            "security_groups.#": "1",
                            "security_groups.1919077925": "sg-033f164a674f3e528",
                            "spot_price": "",
                            "vpc_classic_link_id": "",
                            "vpc_classic_link_security_groups.#": "0"
                        },
                        "meta": {},
                        "tainted": false
                    },
                    "deposed": [],
                    "provider": "provider.aws"
                },
                "data.aws_ami.amicall": {
                    "type": "aws_ami",
                    "depends_on": [],
                    "primary": {
                        "id": "ami-065122e20466deffe",
                        "attributes": {
                            "architecture": "x86_64",
                            "block_device_mappings.#": "3",
                            "block_device_mappings.1634610537.device_name": "/dev/sdb",
                            "block_device_mappings.1634610537.ebs.%": "0",
                            "block_device_mappings.1634610537.no_device": "",
                            "block_device_mappings.1634610537.virtual_name": "ephemeral0",
                            "block_device_mappings.2547816212.device_name": "/dev/sda1",
                            "block_device_mappings.2547816212.ebs.%": "6",
                            "block_device_mappings.2547816212.ebs.delete_on_termination": "true",
                            "block_device_mappings.2547816212.ebs.encrypted": "false",
                            "block_device_mappings.2547816212.ebs.iops": "0",
                            "block_device_mappings.2547816212.ebs.snapshot_id": "snap-0410b0c883ac02e0d",
                            "block_device_mappings.2547816212.ebs.volume_size": "8",
                            "block_device_mappings.2547816212.ebs.volume_type": "gp2",
                            "block_device_mappings.2547816212.no_device": "",
                            "block_device_mappings.2547816212.virtual_name": "",
                            "block_device_mappings.3850042718.device_name": "/dev/sdc",
                            "block_device_mappings.3850042718.ebs.%": "0",
                            "block_device_mappings.3850042718.no_device": "",
                            "block_device_mappings.3850042718.virtual_name": "ephemeral1",
                            "creation_date": "2019-05-15T10:19:17.000Z",
                            "filter.#": "3",
                            "filter.1203089860.name": "tag:Find",
                            "filter.1203089860.values.#": "1",
                            "filter.1203089860.values.0": "Packer",
                            "filter.2004017975.name": "tag:Release",
                            "filter.2004017975.values.#": "1",
                            "filter.2004017975.values.0": "Latest",
                            "filter.3939518546.name": "tag:OS_Version",
                            "filter.3939518546.values.#": "1",
                            "filter.3939518546.values.0": "Ubuntu",
                            "hypervisor": "xen",
                            "id": "ami-065122e20466deffe",
                            "image_id": "ami-065122e20466deffe",
                            "image_location": "661386011788/packer-2019-05-15T10-11-46Z",
                            "image_type": "machine",
                            "most_recent": "true",
                            "name": "packer-2019-05-15T10-11-46Z",
                            "owner_id": "661386011788",
                            "owners.#": "1",
                            "owners.0": "self",
                            "product_codes.#": "0",
                            "public": "false",
                            "root_device_name": "/dev/sda1",
                            "root_device_type": "ebs",
                            "root_snapshot_id": "snap-0410b0c883ac02e0d",
                            "sriov_net_support": "simple",
                            "state": "available",
                            "state_reason.%": "2",
                            "state_reason.code": "UNSET",
                            "state_reason.message": "UNSET",
                            "tags.%": "3",
                            "tags.Find": "Packer",
                            "tags.OS_Version": "Ubuntu",
                            "tags.Release": "Latest",
                            "virtualization_type": "hvm"
                        },
                        "meta": {},
                        "tainted": false
                    },
                    "deposed": [],
                    "provider": "provider.aws"
                },
                "data.aws_security_group.sg": {
                    "type": "aws_security_group",
                    "depends_on": [
                        "data.aws_vpc.vpc_select"
                    ],
                    "primary": {
                        "id": "sg-033f164a674f3e528",
                        "attributes": {
                            "arn": "arn:aws:ec2:us-west-2:661386011788:security-group/sg-033f164a674f3e528",
                            "description": "launch-wizard-3 created 2019-01-02T11:59:16.584+05:30",
                            "id": "sg-033f164a674f3e528",
                            "name": "all tcp",
                            "tags.%": "0",
                            "vpc_id": "vpc-fd18d985"
                        },
                        "meta": {},
                        "tainted": false
                    },
                    "deposed": [],
                    "provider": "provider.aws"
                },
                "data.aws_vpc.vpc_select": {
                    "type": "aws_vpc",
                    "depends_on": [],
                    "primary": {
                        "id": "vpc-fd18d985",
                        "attributes": {
                            "arn": "arn:aws:ec2:us-west-2:661386011788:vpc/vpc-fd18d985",
                            "cidr_block": "172.31.0.0/16",
                            "cidr_block_associations.#": "1",
                            "cidr_block_associations.0.association_id": "vpc-cidr-assoc-696af603",
                            "cidr_block_associations.0.cidr_block": "172.31.0.0/16",
                            "cidr_block_associations.0.state": "associated",
                            "default": "true",
                            "dhcp_options_id": "dopt-7d33cd05",
                            "enable_dns_hostnames": "true",
                            "enable_dns_support": "true",
                            "id": "vpc-fd18d985",
                            "instance_tenancy": "default",
                            "main_route_table_id": "rtb-7818bb03",
                            "owner_id": "661386011788",
                            "state": "available",
                            "tags.%": "0"
                        },
                        "meta": {},
                        "tainted": false
                    },
                    "deposed": [],
                    "provider": "provider.aws"
                }
            },
            "depends_on": []
        }
    ]
}
